
Microsoft Visual Studio Solution File, Format Version 12.00
# Visual Studio 15
VisualStudioVersion = 15.0.28010.2036
MinimumVisualStudioVersion = 10.0.40219.1
Project("{8BC9CEB8-8B4A-11D0-8D11-00A0C91BC942}") = "Lab1", "Lab1\Lab1.vcxproj", "{A49AAFDA-6452-4670-9096-0050BE639BE0}"
EndProject
Global
	GlobalSection(SolutionConfigurationPlatforms) = preSolution
		Debug|x64 = Debug|x64
		Debug|x86 = Debug|x86
		Release|x64 = Release|x64
		Release|x86 = Release|x86
	EndGlobalSection
	GlobalSection(ProjectConfigurationPlatforms) = postSolution
		{A49AAFDA-6452-4670-9096-0050BE639BE0}.Debug|x64.ActiveCfg = Debug|x64
		{A49AAFDA-6452-4670-9096-0050BE639BE0}.Debug|x64.Build.0 = Debug|x64
		{A49AAFDA-6452-4670-9096-0050BE639BE0}.Debug|x86.ActiveCfg = Debug|Win32
		{A49AAFDA-6452-4670-9096-0050BE639BE0}.Debug|x86.Build.0 = Debug|Win32
		{A49AAFDA-6452-4670-9096-0050BE639BE0}.Release|x64.ActiveCfg = Release|x64
		{A49AAFDA-6452-4670-9096-0050BE639BE0}.Release|x64.Build.0 = Release|x64
		{A49AAFDA-6452-4670-9096-0050BE639BE0}.Release|x86.ActiveCfg = Release|Win32
		{A49AAFDA-6452-4670-9096-0050BE639BE0}.Release|x86.Build.0 = Release|Win32
	EndGlobalSection
	GlobalSection(SolutionProperties) = preSolution
		HideSolutionNode = FALSE
	EndGlobalSection
	GlobalSection(ExtensibilityGlobals) = postSolution
		SolutionGuid = {721F8D19-48E4-4595-B485-BA9C5C041E62}
	EndGlobalSection
EndGlobal
